// !$*UTF8*$!
{
	archiveVersion = 1;
	classes = {
	};
	objectVersion = 46;
	objects = {

/* Begin PBXBuildFile section */
		1811BD1E154B0FFF008ECCCE /* logo@2x.png in Resources */ = {isa = PBXBuildFile; fileRef = 1811BD1D154B0FFF008ECCCE /* logo@2x.png */; };
		18F78D5C154528C6008467F4 /* UIKit.framework in Frameworks */ = {isa = PBXBuildFile; fileRef = 18F78D5B154528C6008467F4 /* UIKit.framework */; };
		18F78D5E154528C6008467F4 /* Foundation.framework in Frameworks */ = {isa = PBXBuildFile; fileRef = 18F78D5D154528C6008467F4 /* Foundation.framework */; };
		18F78D60154528C6008467F4 /* CoreGraphics.framework in Frameworks */ = {isa = PBXBuildFile; fileRef = 18F78D5F154528C6008467F4 /* CoreGraphics.framework */; };
		18F78D66154528C6008467F4 /* InfoPlist.strings in Resources */ = {isa = PBXBuildFile; fileRef = 18F78D64154528C6008467F4 /* InfoPlist.strings */; };
		18F78D68154528C6008467F4 /* main.m in Sources */ = {isa = PBXBuildFile; fileRef = 18F78D67154528C6008467F4 /* main.m */; };
		18F78D6C154528C6008467F4 /* SNAppDelegate.m in Sources */ = {isa = PBXBuildFile; fileRef = 18F78D6B154528C6008467F4 /* SNAppDelegate.m */; };
		18F78D6F154528C6008467F4 /* SNViewController.m in Sources */ = {isa = PBXBuildFile; fileRef = 18F78D6E154528C6008467F4 /* SNViewController.m */; };
		18F78D9B1545A631008467F4 /* button_background.png in Resources */ = {isa = PBXBuildFile; fileRef = 18F78D971545A631008467F4 /* button_background.png */; };
		18F78D9C1545A631008467F4 /* button_background@2x.png in Resources */ = {isa = PBXBuildFile; fileRef = 18F78D981545A631008467F4 /* button_background@2x.png */; };
		18F78D9D1545A631008467F4 /* button_background_disabled.png in Resources */ = {isa = PBXBuildFile; fileRef = 18F78D991545A631008467F4 /* button_background_disabled.png */; };
		18F78D9E1545A631008467F4 /* button_background_disabled@2x.png in Resources */ = {isa = PBXBuildFile; fileRef = 18F78D9A1545A631008467F4 /* button_background_disabled@2x.png */; };
		18F78DA01545C6A5008467F4 /* logo.png in Resources */ = {isa = PBXBuildFile; fileRef = 18F78D9F1545C6A5008467F4 /* logo.png */; };
		720E3639174FDC02000BE393 /* SinaWeibo.h in Headers */ = {isa = PBXBuildFile; fileRef = BA59D09116818B1700C76B64 /* SinaWeibo.h */; settings = {ATTRIBUTES = (Public, ); }; };
		720E363A174FDC02000BE393 /* SinaWeiboAuthorizeView.h in Headers */ = {isa = PBXBuildFile; fileRef = BA59D09316818B1700C76B64 /* SinaWeiboAuthorizeView.h */; settings = {ATTRIBUTES = (); }; };
		720E363B174FDC02000BE393 /* SinaWeiboConstants.h in Headers */ = {isa = PBXBuildFile; fileRef = BA59D09516818B1700C76B64 /* SinaWeiboConstants.h */; settings = {ATTRIBUTES = (); }; };
		720E363C174FDC02000BE393 /* SinaWeiboRequest.h in Headers */ = {isa = PBXBuildFile; fileRef = BA59D09616818B1700C76B64 /* SinaWeiboRequest.h */; settings = {ATTRIBUTES = (); }; };
		720E363D174FDCC6000BE393 /* JSONKit.h in Headers */ = {isa = PBXBuildFile; fileRef = D00DCDE016C23E4500F6BBE5 /* JSONKit.h */; settings = {ATTRIBUTES = (); }; };
		720E363E174FDDD1000BE393 /* SinaWeibo.bundle in Resources */ = {isa = PBXBuildFile; fileRef = BA59D09016818B1700C76B64 /* SinaWeibo.bundle */; };
		BA59D09816818B1700C76B64 /* SinaWeibo.bundle in Resources */ = {isa = PBXBuildFile; fileRef = BA59D09016818B1700C76B64 /* SinaWeibo.bundle */; };
		BA59D09916818B1700C76B64 /* SinaWeibo.m in Sources */ = {isa = PBXBuildFile; fileRef = BA59D09216818B1700C76B64 /* SinaWeibo.m */; };
		BA59D09A16818B1700C76B64 /* SinaWeiboAuthorizeView.m in Sources */ = {isa = PBXBuildFile; fileRef = BA59D09416818B1700C76B64 /* SinaWeiboAuthorizeView.m */; };
		BA59D09B16818B1700C76B64 /* SinaWeiboRequest.m in Sources */ = {isa = PBXBuildFile; fileRef = BA59D09716818B1700C76B64 /* SinaWeiboRequest.m */; };
		D003A018174FB89B005E2BA5 /* UIKit.framework in Frameworks */ = {isa = PBXBuildFile; fileRef = 18F78D5B154528C6008467F4 /* UIKit.framework */; };
		D003A019174FB8A6005E2BA5 /* Foundation.framework in Frameworks */ = {isa = PBXBuildFile; fileRef = 18F78D5D154528C6008467F4 /* Foundation.framework */; };
		D003A01B174FBA0E005E2BA5 /* JSONKit.m in Sources */ = {isa = PBXBuildFile; fileRef = D03A202016C266D400CF35C2 /* JSONKit.m */; settings = {COMPILER_FLAGS = "-fno-objc-arc"; }; };
		D003A01C174FBA0F005E2BA5 /* SinaWeibo.m in Sources */ = {isa = PBXBuildFile; fileRef = BA59D09216818B1700C76B64 /* SinaWeibo.m */; };
		D003A01D174FBA0F005E2BA5 /* SinaWeiboAuthorizeView.m in Sources */ = {isa = PBXBuildFile; fileRef = BA59D09416818B1700C76B64 /* SinaWeiboAuthorizeView.m */; };
		D003A01E174FBA0F005E2BA5 /* SinaWeiboRequest.m in Sources */ = {isa = PBXBuildFile; fileRef = BA59D09716818B1700C76B64 /* SinaWeiboRequest.m */; };
		D00DCDEA16C23F0E00F6BBE5 /* Foundation.framework in Frameworks */ = {isa = PBXBuildFile; fileRef = 18F78D5D154528C6008467F4 /* Foundation.framework */; };
		D00DCDF816C23F4C00F6BBE5 /* SinaWeibo.m in Sources */ = {isa = PBXBuildFile; fileRef = BA59D09216818B1700C76B64 /* SinaWeibo.m */; };
		D00DCDFA16C23F4C00F6BBE5 /* SinaWeiboAuthorizeView.m in Sources */ = {isa = PBXBuildFile; fileRef = BA59D09416818B1700C76B64 /* SinaWeiboAuthorizeView.m */; };
		D00DCDFD16C23F4C00F6BBE5 /* SinaWeiboRequest.m in Sources */ = {isa = PBXBuildFile; fileRef = BA59D09716818B1700C76B64 /* SinaWeiboRequest.m */; };
		D00DCDFF16C2400700F6BBE5 /* UIKit.framework in Frameworks */ = {isa = PBXBuildFile; fileRef = 18F78D5B154528C6008467F4 /* UIKit.framework */; };
		D03A202116C266D400CF35C2 /* JSONKit.m in Sources */ = {isa = PBXBuildFile; fileRef = D03A202016C266D400CF35C2 /* JSONKit.m */; settings = {COMPILER_FLAGS = "-fno-objc-arc"; }; };
		D03A202216C2672500CF35C2 /* JSONKit.m in Sources */ = {isa = PBXBuildFile; fileRef = D03A202016C266D400CF35C2 /* JSONKit.m */; settings = {COMPILER_FLAGS = "-fno-objc-arc"; }; };
/* End PBXBuildFile section */

/* Begin PBXCopyFilesBuildPhase section */
		D00DCDE716C23F0E00F6BBE5 /* CopyFiles */ = {
			isa = PBXCopyFilesBuildPhase;
			buildActionMask = 2147483647;
			dstPath = "include/${PRODUCT_NAME}";
			dstSubfolderSpec = 16;
			files = (
			);
			runOnlyForDeploymentPostprocessing = 0;
		};
/* End PBXCopyFilesBuildPhase section */

/* Begin PBXFileReference section */
		1811BD1D154B0FFF008ECCCE /* logo@2x.png */ = {isa = PBXFileReference; lastKnownFileType = image.png; path = "logo@2x.png"; sourceTree = "<group>"; };
		18F78D57154528C6008467F4 /* sinaweibo_ios_sdk_demo.app */ = {isa = PBXFileReference; explicitFileType = wrapper.application; includeInIndex = 0; path = sinaweibo_ios_sdk_demo.app; sourceTree = BUILT_PRODUCTS_DIR; };
		18F78D5B154528C6008467F4 /* UIKit.framework */ = {isa = PBXFileReference; lastKnownFileType = wrapper.framework; name = UIKit.framework; path = System/Library/Frameworks/UIKit.framework; sourceTree = SDKROOT; };
		18F78D5D154528C6008467F4 /* Foundation.framework */ = {isa = PBXFileReference; lastKnownFileType = wrapper.framework; name = Foundation.framework; path = System/Library/Frameworks/Foundation.framework; sourceTree = SDKROOT; };
		18F78D5F154528C6008467F4 /* CoreGraphics.framework */ = {isa = PBXFileReference; lastKnownFileType = wrapper.framework; name = CoreGraphics.framework; path = System/Library/Frameworks/CoreGraphics.framework; sourceTree = SDKROOT; };
		18F78D63154528C6008467F4 /* sinaweibo_ios_sdk_demo-Info.plist */ = {isa = PBXFileReference; lastKnownFileType = text.plist.xml; path = "sinaweibo_ios_sdk_demo-Info.plist"; sourceTree = "<group>"; };
		18F78D65154528C6008467F4 /* en */ = {isa = PBXFileReference; lastKnownFileType = text.plist.strings; name = en; path = en.lproj/InfoPlist.strings; sourceTree = "<group>"; };
		18F78D67154528C6008467F4 /* main.m */ = {isa = PBXFileReference; lastKnownFileType = sourcecode.c.objc; path = main.m; sourceTree = "<group>"; };
		18F78D69154528C6008467F4 /* sinaweibo_ios_sdk_demo-Prefix.pch */ = {isa = PBXFileReference; lastKnownFileType = sourcecode.c.h; path = "sinaweibo_ios_sdk_demo-Prefix.pch"; sourceTree = "<group>"; };
		18F78D6A154528C6008467F4 /* SNAppDelegate.h */ = {isa = PBXFileReference; lastKnownFileType = sourcecode.c.h; path = SNAppDelegate.h; sourceTree = "<group>"; };
		18F78D6B154528C6008467F4 /* SNAppDelegate.m */ = {isa = PBXFileReference; lastKnownFileType = sourcecode.c.objc; path = SNAppDelegate.m; sourceTree = "<group>"; };
		18F78D6D154528C6008467F4 /* SNViewController.h */ = {isa = PBXFileReference; lastKnownFileType = sourcecode.c.h; path = SNViewController.h; sourceTree = "<group>"; };
		18F78D6E154528C6008467F4 /* SNViewController.m */ = {isa = PBXFileReference; lastKnownFileType = sourcecode.c.objc; path = SNViewController.m; sourceTree = "<group>"; };
		18F78D971545A631008467F4 /* button_background.png */ = {isa = PBXFileReference; lastKnownFileType = image.png; path = button_background.png; sourceTree = "<group>"; };
		18F78D981545A631008467F4 /* button_background@2x.png */ = {isa = PBXFileReference; lastKnownFileType = image.png; path = "button_background@2x.png"; sourceTree = "<group>"; };
		18F78D991545A631008467F4 /* button_background_disabled.png */ = {isa = PBXFileReference; lastKnownFileType = image.png; path = button_background_disabled.png; sourceTree = "<group>"; };
		18F78D9A1545A631008467F4 /* button_background_disabled@2x.png */ = {isa = PBXFileReference; lastKnownFileType = image.png; path = "button_background_disabled@2x.png"; sourceTree = "<group>"; };
		18F78D9F1545C6A5008467F4 /* logo.png */ = {isa = PBXFileReference; lastKnownFileType = image.png; path = logo.png; sourceTree = "<group>"; };
		BA59D09016818B1700C76B64 /* SinaWeibo.bundle */ = {isa = PBXFileReference; lastKnownFileType = "wrapper.plug-in"; name = SinaWeibo.bundle; path = sinaweibo_ios_sdk/SinaWeibo/SinaWeibo.bundle; sourceTree = "<group>"; };
		BA59D09116818B1700C76B64 /* SinaWeibo.h */ = {isa = PBXFileReference; fileEncoding = 4; lastKnownFileType = sourcecode.c.h; name = SinaWeibo.h; path = sinaweibo_ios_sdk/SinaWeibo/SinaWeibo.h; sourceTree = "<group>"; };
		BA59D09216818B1700C76B64 /* SinaWeibo.m */ = {isa = PBXFileReference; fileEncoding = 4; lastKnownFileType = sourcecode.c.objc; name = SinaWeibo.m; path = sinaweibo_ios_sdk/SinaWeibo/SinaWeibo.m; sourceTree = "<group>"; };
		BA59D09316818B1700C76B64 /* SinaWeiboAuthorizeView.h */ = {isa = PBXFileReference; fileEncoding = 4; lastKnownFileType = sourcecode.c.h; name = SinaWeiboAuthorizeView.h; path = sinaweibo_ios_sdk/SinaWeibo/SinaWeiboAuthorizeView.h; sourceTree = "<group>"; };
		BA59D09416818B1700C76B64 /* SinaWeiboAuthorizeView.m */ = {isa = PBXFileReference; fileEncoding = 4; lastKnownFileType = sourcecode.c.objc; name = SinaWeiboAuthorizeView.m; path = sinaweibo_ios_sdk/SinaWeibo/SinaWeiboAuthorizeView.m; sourceTree = "<group>"; };
		BA59D09516818B1700C76B64 /* SinaWeiboConstants.h */ = {isa = PBXFileReference; fileEncoding = 4; lastKnownFileType = sourcecode.c.h; name = SinaWeiboConstants.h; path = sinaweibo_ios_sdk/SinaWeibo/SinaWeiboConstants.h; sourceTree = "<group>"; };
		BA59D09616818B1700C76B64 /* SinaWeiboRequest.h */ = {isa = PBXFileReference; fileEncoding = 4; lastKnownFileType = sourcecode.c.h; name = SinaWeiboRequest.h; path = sinaweibo_ios_sdk/SinaWeibo/SinaWeiboRequest.h; sourceTree = "<group>"; };
		BA59D09716818B1700C76B64 /* SinaWeiboRequest.m */ = {isa = PBXFileReference; fileEncoding = 4; lastKnownFileType = sourcecode.c.objc; name = SinaWeiboRequest.m; path = sinaweibo_ios_sdk/SinaWeibo/SinaWeiboRequest.m; sourceTree = "<group>"; };
		D0039FDB174FA4FA005E2BA5 /* CoreFoundation.framework */ = {isa = PBXFileReference; lastKnownFileType = wrapper.framework; name = CoreFoundation.framework; path = System/Library/Frameworks/CoreFoundation.framework; sourceTree = SDKROOT; };
		D003A007174FB87A005E2BA5 /* SinaWeiboSDK.framework */ = {isa = PBXFileReference; explicitFileType = wrapper.cfbundle; includeInIndex = 0; path = SinaWeiboSDK.framework; sourceTree = BUILT_PRODUCTS_DIR; };
		D003A00B174FB87A005E2BA5 /* AppKit.framework */ = {isa = PBXFileReference; lastKnownFileType = wrapper.framework; name = AppKit.framework; path = Library/Frameworks/AppKit.framework; sourceTree = SDKROOT; };
		D003A00C174FB87A005E2BA5 /* CoreData.framework */ = {isa = PBXFileReference; lastKnownFileType = wrapper.framework; name = CoreData.framework; path = Library/Frameworks/CoreData.framework; sourceTree = SDKROOT; };
		D003A00D174FB87A005E2BA5 /* Foundation.framework */ = {isa = PBXFileReference; lastKnownFileType = wrapper.framework; name = Foundation.framework; path = Library/Frameworks/Foundation.framework; sourceTree = SDKROOT; };
		D00DCDE016C23E4500F6BBE5 /* JSONKit.h */ = {isa = PBXFileReference; fileEncoding = 4; lastKnownFileType = sourcecode.c.h; path = JSONKit.h; sourceTree = "<group>"; };
		D00DCDE916C23F0E00F6BBE5 /* libSinaWeiboSDK.a */ = {isa = PBXFileReference; explicitFileType = archive.ar; includeInIndex = 0; path = libSinaWeiboSDK.a; sourceTree = BUILT_PRODUCTS_DIR; };
		D00DCDED16C23F0E00F6BBE5 /* LibSinaWeibo-Prefix.pch */ = {isa = PBXFileReference; lastKnownFileType = sourcecode.c.h; path = "LibSinaWeibo-Prefix.pch"; sourceTree = "<group>"; };
		D03A202016C266D400CF35C2 /* JSONKit.m */ = {isa = PBXFileReference; fileEncoding = 4; lastKnownFileType = sourcecode.c.objc; path = JSONKit.m; sourceTree = "<group>"; };
/* End PBXFileReference section */

/* Begin PBXFrameworksBuildPhase section */
		18F78D54154528C6008467F4 /* Frameworks */ = {
			isa = PBXFrameworksBuildPhase;
			buildActionMask = 2147483647;
			files = (
				18F78D5C154528C6008467F4 /* UIKit.framework in Frameworks */,
				18F78D5E154528C6008467F4 /* Foundation.framework in Frameworks */,
				18F78D60154528C6008467F4 /* CoreGraphics.framework in Frameworks */,
			);
			runOnlyForDeploymentPostprocessing = 0;
		};
		D003A004174FB87A005E2BA5 /* Frameworks */ = {
			isa = PBXFrameworksBuildPhase;
			buildActionMask = 2147483647;
			files = (
				D003A019174FB8A6005E2BA5 /* Foundation.framework in Frameworks */,
				D003A018174FB89B005E2BA5 /* UIKit.framework in Frameworks */,
			);
			runOnlyForDeploymentPostprocessing = 0;
		};
		D00DCDE616C23F0E00F6BBE5 /* Frameworks */ = {
			isa = PBXFrameworksBuildPhase;
			buildActionMask = 2147483647;
			files = (
				D00DCDFF16C2400700F6BBE5 /* UIKit.framework in Frameworks */,
				D00DCDEA16C23F0E00F6BBE5 /* Foundation.framework in Frameworks */,
			);
			runOnlyForDeploymentPostprocessing = 0;
		};
/* End PBXFrameworksBuildPhase section */

/* Begin PBXGroup section */
		18F78D4C154528C6008467F4 = {
			isa = PBXGroup;
			children = (
				18F78D61154528C6008467F4 /* sinaweibo_ios_sdk_demo */,
				BA59D08916818A6400C76B64 /* sinaweibo_ios_sdk */,
				18F78D961545A630008467F4 /* Resources */,
				D00DCDEB16C23F0E00F6BBE5 /* LibSinaWeibo */,
				18F78D5A154528C6008467F4 /* Frameworks */,
				18F78D58154528C6008467F4 /* Products */,
			);
			sourceTree = "<group>";
		};
		18F78D58154528C6008467F4 /* Products */ = {
			isa = PBXGroup;
			children = (
				18F78D57154528C6008467F4 /* sinaweibo_ios_sdk_demo.app */,
				D00DCDE916C23F0E00F6BBE5 /* libSinaWeiboSDK.a */,
				D003A007174FB87A005E2BA5 /* SinaWeiboSDK.framework */,
			);
			name = Products;
			sourceTree = "<group>";
		};
		18F78D5A154528C6008467F4 /* Frameworks */ = {
			isa = PBXGroup;
			children = (
				18F78D5B154528C6008467F4 /* UIKit.framework */,
				18F78D5D154528C6008467F4 /* Foundation.framework */,
				18F78D5F154528C6008467F4 /* CoreGraphics.framework */,
				D0039FDB174FA4FA005E2BA5 /* CoreFoundation.framework */,
				D003A00A174FB87A005E2BA5 /* Other Frameworks */,
			);
			name = Frameworks;
			sourceTree = "<group>";
		};
		18F78D61154528C6008467F4 /* sinaweibo_ios_sdk_demo */ = {
			isa = PBXGroup;
			children = (
				18F78D6A154528C6008467F4 /* SNAppDelegate.h */,
				18F78D6B154528C6008467F4 /* SNAppDelegate.m */,
				18F78D6D154528C6008467F4 /* SNViewController.h */,
				18F78D6E154528C6008467F4 /* SNViewController.m */,
				18F78D62154528C6008467F4 /* Supporting Files */,
			);
			path = sinaweibo_ios_sdk_demo;
			sourceTree = "<group>";
		};
		18F78D62154528C6008467F4 /* Supporting Files */ = {
			isa = PBXGroup;
			children = (
				18F78D63154528C6008467F4 /* sinaweibo_ios_sdk_demo-Info.plist */,
				18F78D64154528C6008467F4 /* InfoPlist.strings */,
				18F78D67154528C6008467F4 /* main.m */,
				18F78D69154528C6008467F4 /* sinaweibo_ios_sdk_demo-Prefix.pch */,
			);
			name = "Supporting Files";
			sourceTree = "<group>";
		};
		18F78D961545A630008467F4 /* Resources */ = {
			isa = PBXGroup;
			children = (
				1811BD1D154B0FFF008ECCCE /* logo@2x.png */,
				18F78D9F1545C6A5008467F4 /* logo.png */,
				18F78D971545A631008467F4 /* button_background.png */,
				18F78D981545A631008467F4 /* button_background@2x.png */,
				18F78D991545A631008467F4 /* button_background_disabled.png */,
				18F78D9A1545A631008467F4 /* button_background_disabled@2x.png */,
			);
			path = Resources;
			sourceTree = "<group>";
		};
		BA59D08916818A6400C76B64 /* sinaweibo_ios_sdk */ = {
			isa = PBXGroup;
			children = (
				D00DCDDF16C23E4500F6BBE5 /* JSONKit */,
				BA59D08B16818A7200C76B64 /* SinaWeibo */,
			);
			name = sinaweibo_ios_sdk;
			sourceTree = "<group>";
		};
		BA59D08B16818A7200C76B64 /* SinaWeibo */ = {
			isa = PBXGroup;
			children = (
				BA59D09016818B1700C76B64 /* SinaWeibo.bundle */,
				BA59D09116818B1700C76B64 /* SinaWeibo.h */,
				BA59D09216818B1700C76B64 /* SinaWeibo.m */,
				BA59D09316818B1700C76B64 /* SinaWeiboAuthorizeView.h */,
				BA59D09416818B1700C76B64 /* SinaWeiboAuthorizeView.m */,
				BA59D09516818B1700C76B64 /* SinaWeiboConstants.h */,
				BA59D09616818B1700C76B64 /* SinaWeiboRequest.h */,
				BA59D09716818B1700C76B64 /* SinaWeiboRequest.m */,
			);
			name = SinaWeibo;
			sourceTree = "<group>";
		};
		D003A00A174FB87A005E2BA5 /* Other Frameworks */ = {
			isa = PBXGroup;
			children = (
				D003A00B174FB87A005E2BA5 /* AppKit.framework */,
				D003A00C174FB87A005E2BA5 /* CoreData.framework */,
				D003A00D174FB87A005E2BA5 /* Foundation.framework */,
			);
			name = "Other Frameworks";
			sourceTree = "<group>";
		};
		D00DCDDF16C23E4500F6BBE5 /* JSONKit */ = {
			isa = PBXGroup;
			children = (
				D03A202016C266D400CF35C2 /* JSONKit.m */,
				D00DCDE016C23E4500F6BBE5 /* JSONKit.h */,
			);
			name = JSONKit;
			path = sinaweibo_ios_sdk/JSONKit;
			sourceTree = "<group>";
		};
		D00DCDEB16C23F0E00F6BBE5 /* LibSinaWeibo */ = {
			isa = PBXGroup;
			children = (
				D00DCDEC16C23F0E00F6BBE5 /* Supporting Files */,
			);
			path = LibSinaWeibo;
			sourceTree = "<group>";
		};
		D00DCDEC16C23F0E00F6BBE5 /* Supporting Files */ = {
			isa = PBXGroup;
			children = (
				D00DCDED16C23F0E00F6BBE5 /* LibSinaWeibo-Prefix.pch */,
			);
			name = "Supporting Files";
			sourceTree = "<group>";
		};
/* End PBXGroup section */

/* Begin PBXHeadersBuildPhase section */
		720E3638174FDBD4000BE393 /* Headers */ = {
			isa = PBXHeadersBuildPhase;
			buildActionMask = 2147483647;
			files = (
				720E3639174FDC02000BE393 /* SinaWeibo.h in Headers */,
				720E363D174FDCC6000BE393 /* JSONKit.h in Headers */,
				720E363A174FDC02000BE393 /* SinaWeiboAuthorizeView.h in Headers */,
				720E363C174FDC02000BE393 /* SinaWeiboRequest.h in Headers */,
				720E363B174FDC02000BE393 /* SinaWeiboConstants.h in Headers */,
			);
			runOnlyForDeploymentPostprocessing = 0;
		};
/* End PBXHeadersBuildPhase section */

/* Begin PBXNativeTarget section */
		18F78D56154528C6008467F4 /* sinaweibo_ios_sdk_demo */ = {
			isa = PBXNativeTarget;
			buildConfigurationList = 18F78D75154528C6008467F4 /* Build configuration list for PBXNativeTarget "sinaweibo_ios_sdk_demo" */;
			buildPhases = (
				18F78D53154528C6008467F4 /* Sources */,
				18F78D54154528C6008467F4 /* Frameworks */,
				18F78D55154528C6008467F4 /* Resources */,
			);
			buildRules = (
			);
			dependencies = (
			);
			name = sinaweibo_ios_sdk_demo;
			productName = sinaweibo_ios_sdk_demo;
			productReference = 18F78D57154528C6008467F4 /* sinaweibo_ios_sdk_demo.app */;
			productType = "com.apple.product-type.application";
		};
		D003A006174FB87A005E2BA5 /* Universal Framework */ = {
			isa = PBXNativeTarget;
			buildConfigurationList = D003A015174FB87A005E2BA5 /* Build configuration list for PBXNativeTarget "Universal Framework" */;
			buildPhases = (
				D003A01A174FB9F1005E2BA5 /* ShellScript */,
				D003A003174FB87A005E2BA5 /* Sources */,
				D003A004174FB87A005E2BA5 /* Frameworks */,
				720E3638174FDBD4000BE393 /* Headers */,
				D003A005174FB87A005E2BA5 /* Resources */,
			);
			buildRules = (
			);
			dependencies = (
			);
			name = "Universal Framework";
			productName = "Universal Framework";
			productReference = D003A007174FB87A005E2BA5 /* SinaWeiboSDK.framework */;
			productType = "com.apple.product-type.bundle";
		};
		D00DCDE816C23F0E00F6BBE5 /* Static Library */ = {
			isa = PBXNativeTarget;
			buildConfigurationList = D00DCDF216C23F0E00F6BBE5 /* Build configuration list for PBXNativeTarget "Static Library" */;
			buildPhases = (
				D00DCDE516C23F0E00F6BBE5 /* Sources */,
				D00DCDE616C23F0E00F6BBE5 /* Frameworks */,
				D00DCDE716C23F0E00F6BBE5 /* CopyFiles */,
			);
			buildRules = (
			);
			dependencies = (
			);
			name = "Static Library";
			productName = SinaWeiboSDK;
			productReference = D00DCDE916C23F0E00F6BBE5 /* libSinaWeiboSDK.a */;
			productType = "com.apple.product-type.library.static";
		};
/* End PBXNativeTarget section */

/* Begin PBXProject section */
		18F78D4E154528C6008467F4 /* Project object */ = {
			isa = PBXProject;
			attributes = {
				CLASSPREFIX = SN;
				LastUpgradeCheck = 0460;
				ORGANIZATIONNAME = SINA;
			};
			buildConfigurationList = 18F78D51154528C6008467F4 /* Build configuration list for PBXProject "sinaweibo_ios_sdk_demo" */;
			compatibilityVersion = "Xcode 3.2";
			developmentRegion = English;
			hasScannedForEncodings = 0;
			knownRegions = (
				en,
			);
			mainGroup = 18F78D4C154528C6008467F4;
			productRefGroup = 18F78D58154528C6008467F4 /* Products */;
			projectDirPath = "";
			projectRoot = "";
			targets = (
				18F78D56154528C6008467F4 /* sinaweibo_ios_sdk_demo */,
				D00DCDE816C23F0E00F6BBE5 /* Static Library */,
				D003A006174FB87A005E2BA5 /* Universal Framework */,
			);
		};
/* End PBXProject section */

/* Begin PBXResourcesBuildPhase section */
		18F78D55154528C6008467F4 /* Resources */ = {
			isa = PBXResourcesBuildPhase;
			buildActionMask = 2147483647;
			files = (
				18F78D66154528C6008467F4 /* InfoPlist.strings in Resources */,
				18F78D9B1545A631008467F4 /* button_background.png in Resources */,
				18F78D9C1545A631008467F4 /* button_background@2x.png in Resources */,
				18F78D9D1545A631008467F4 /* button_background_disabled.png in Resources */,
				18F78D9E1545A631008467F4 /* button_background_disabled@2x.png in Resources */,
				18F78DA01545C6A5008467F4 /* logo.png in Resources */,
				1811BD1E154B0FFF008ECCCE /* logo@2x.png in Resources */,
				BA59D09816818B1700C76B64 /* SinaWeibo.bundle in Resources */,
			);
			runOnlyForDeploymentPostprocessing = 0;
		};
		D003A005174FB87A005E2BA5 /* Resources */ = {
			isa = PBXResourcesBuildPhase;
			buildActionMask = 2147483647;
			files = (
				720E363E174FDDD1000BE393 /* SinaWeibo.bundle in Resources */,
			);
			runOnlyForDeploymentPostprocessing = 0;
		};
/* End PBXResourcesBuildPhase section */

/* Begin PBXShellScriptBuildPhase section */
		D003A01A174FB9F1005E2BA5 /* ShellScript */ = {
			isa = PBXShellScriptBuildPhase;
			buildActionMask = 2147483647;
			files = (
			);
			inputPaths = (
			);
			outputPaths = (
			);
			runOnlyForDeploymentPostprocessing = 0;
			shellPath = /bin/sh;
			shellScript = "set -e\n\nset +u\nif [[ $UFW_MASTER_SCRIPT_RUNNING ]]\nthen\n# Nothing for the slave script to do\nexit 0\nfi\nset -u\nexport UFW_MASTER_SCRIPT_RUNNING=1\n\n\n# Functions\n\n## List files in the specified directory, storing to the specified array.\n#\n# @param $1 The path to list\n# @param $2 The name of the array to fill\n#\n##\nlist_files ()\n{\n    filelist=$(ls \"$1\")\n    while read line\n    do\n    eval \"$2[\\${#$2[*]}]=\\\"\\$line\\\"\"\n    done <<< \"$filelist\"\n}\n\n\n# Sanity check\n\nif [[ ! -f \"${BUILT_PRODUCTS_DIR}/${EXECUTABLE_PATH}\" ]]\nthen\necho \"Framework target \\\"${TARGET_NAME}\\\" had no source files to build from. Make sure your source files have the correct target membership\"\nexit 1\nfi\n\n\n# Gather information\n\nif [[ \"$SDK_NAME\" =~ ([A-Za-z]+) ]]\nthen\nUFW_SDK_PLATFORM=${BASH_REMATCH[1]}\nelse\necho \"Could not find platform name from SDK_NAME: $SDK_NAME\"\nexit 1\nfi\n\nif [[ \"$SDK_NAME\" =~ ([0-9]+.*$) ]]\nthen\nUFW_SDK_VERSION=${BASH_REMATCH[1]}\nelse\necho \"Could not find sdk version from SDK_NAME: $SDK_NAME\"\nexit 1\nfi\n\nif [[ \"$UFW_SDK_PLATFORM\" = \"iphoneos\" ]]\nthen\nUFW_OTHER_PLATFORM=iphonesimulator\nelse\nUFW_OTHER_PLATFORM=iphoneos\nfi\n\nif [[ \"$BUILT_PRODUCTS_DIR\" =~ (.*)$UFW_SDK_PLATFORM$ ]]\nthen\nUFW_OTHER_BUILT_PRODUCTS_DIR=\"${BASH_REMATCH[1]}${UFW_OTHER_PLATFORM}\"\nelse\necho \"Could not find $UFW_SDK_PLATFORM in $BUILT_PRODUCTS_DIR\"\nexit 1\nfi\n\n\n# Short-circuit if all binaries are up to date.\n# We already checked the other platform in the prerun script.\n\nif [[ -f \"${BUILT_PRODUCTS_DIR}/${EXECUTABLE_PATH}\" ]] && [[ -f \"${BUILT_PRODUCTS_DIR}/${PRODUCT_NAME}.embeddedframework/${EXECUTABLE_PATH}\" ]] && [[ ! \"${BUILT_PRODUCTS_DIR}/${EXECUTABLE_PATH}\" -nt \"${BUILT_PRODUCTS_DIR}/${PRODUCT_NAME}.embeddedframework/${EXECUTABLE_PATH}\" ]]\nthen\nexit 0\nfi\n\n\n# Make sure the other platform gets built\n\necho \"Build other platform\"\n\necho xcodebuild -project \"${PROJECT_FILE_PATH}\" -target \"${TARGET_NAME}\" -configuration \"${CONFIGURATION}\" -sdk ${UFW_OTHER_PLATFORM}${UFW_SDK_VERSION} BUILD_DIR=\"${BUILD_DIR}\" CONFIGURATION_TEMP_DIR=\"${PROJECT_TEMP_DIR}/${CONFIGURATION}-${UFW_OTHER_PLATFORM}\" $ACTION\nxcodebuild -project \"${PROJECT_FILE_PATH}\" -target \"${TARGET_NAME}\" -configuration \"${CONFIGURATION}\" -sdk ${UFW_OTHER_PLATFORM}${UFW_SDK_VERSION} BUILD_DIR=\"${BUILD_DIR}\" CONFIGURATION_TEMP_DIR=\"${PROJECT_TEMP_DIR}/${CONFIGURATION}-${UFW_OTHER_PLATFORM}\" $ACTION\n\n\n# Build the fat static library binary\n\necho \"Create universal static library\"\n\necho \"$PLATFORM_DEVELOPER_BIN_DIR/libtool\" -static \"${BUILT_PRODUCTS_DIR}/${EXECUTABLE_PATH}\" \"${UFW_OTHER_BUILT_PRODUCTS_DIR}/${EXECUTABLE_PATH}\" -o \"${BUILT_PRODUCTS_DIR}/${EXECUTABLE_PATH}.temp\"\n\"$PLATFORM_DEVELOPER_BIN_DIR/libtool\" -static \"${BUILT_PRODUCTS_DIR}/${EXECUTABLE_PATH}\" \"${UFW_OTHER_BUILT_PRODUCTS_DIR}/${EXECUTABLE_PATH}\" -o \"${BUILT_PRODUCTS_DIR}/${EXECUTABLE_PATH}.temp\"\n\necho mv \"${BUILT_PRODUCTS_DIR}/${EXECUTABLE_PATH}.temp\" \"${BUILT_PRODUCTS_DIR}/${EXECUTABLE_PATH}\"\nmv \"${BUILT_PRODUCTS_DIR}/${EXECUTABLE_PATH}.temp\" \"${BUILT_PRODUCTS_DIR}/${EXECUTABLE_PATH}\"\n\n\n# Build framework structure\n\necho \"Build symlinks\"\n\necho ln -sf A \"${BUILT_PRODUCTS_DIR}/${WRAPPER_NAME}/Versions/Current\"\nln -sf A \"${BUILT_PRODUCTS_DIR}/${WRAPPER_NAME}/Versions/Current\"\necho ln -sf Versions/Current/Headers \"${BUILT_PRODUCTS_DIR}/${WRAPPER_NAME}/Headers\"\nln -sf Versions/Current/Headers \"${BUILT_PRODUCTS_DIR}/${WRAPPER_NAME}/Headers\"\necho ln -sf Versions/Current/Resources \"${BUILT_PRODUCTS_DIR}/${WRAPPER_NAME}/Resources\"\nln -sf Versions/Current/Resources \"${BUILT_PRODUCTS_DIR}/${WRAPPER_NAME}/Resources\"\necho ln -sf \"Versions/Current/${EXECUTABLE_NAME}\" \"${BUILT_PRODUCTS_DIR}/${WRAPPER_NAME}/${EXECUTABLE_NAME}\"\nln -sf \"Versions/Current/${EXECUTABLE_NAME}\" \"${BUILT_PRODUCTS_DIR}/${WRAPPER_NAME}/${EXECUTABLE_NAME}\"\n\n\n# Link to binary for unit tests\n\nmkdir -p \"${BUILT_PRODUCTS_DIR}/.fake_fw_testing.framework\"\nln -sf \"../${WRAPPER_NAME}/${EXECUTABLE_NAME}\" \"${BUILT_PRODUCTS_DIR}/.fake_fw_testing.framework/.fake_fw_testing\"\n\n\n# Build embedded framework structure\n\necho \"Build Embedded Framework\"\n\necho rm -rf \"${BUILT_PRODUCTS_DIR}/${PRODUCT_NAME}.embeddedframework\"\nrm -rf \"${BUILT_PRODUCTS_DIR}/${PRODUCT_NAME}.embeddedframework\"\necho mkdir -p \"${BUILT_PRODUCTS_DIR}/${PRODUCT_NAME}.embeddedframework/Resources\"\nmkdir -p \"${BUILT_PRODUCTS_DIR}/${PRODUCT_NAME}.embeddedframework/Resources\"\necho cp -a \"${BUILT_PRODUCTS_DIR}/${WRAPPER_NAME}\" \"${BUILT_PRODUCTS_DIR}/${PRODUCT_NAME}.embeddedframework/\"\ncp -a \"${BUILT_PRODUCTS_DIR}/${WRAPPER_NAME}\" \"${BUILT_PRODUCTS_DIR}/${PRODUCT_NAME}.embeddedframework/\"\n\ndeclare -a UFW_FILE_LIST\nlist_files \"${BUILT_PRODUCTS_DIR}/${UNLOCALIZED_RESOURCES_FOLDER_PATH}\" UFW_FILE_LIST\nfor filename in \"${UFW_FILE_LIST[@]}\"\ndo\nif [[ \"${filename}\" != \"Info.plist\" ]] && [[ ! \"${filename}\" =~ .*\\.lproj$ ]]\nthen\necho ln -sf \"../${WRAPPER_NAME}/Resources/${filename}\" \"${BUILT_PRODUCTS_DIR}/${PRODUCT_NAME}.embeddedframework/Resources/${filename}\"\nln -sf \"../${WRAPPER_NAME}/Resources/${filename}\" \"${BUILT_PRODUCTS_DIR}/${PRODUCT_NAME}.embeddedframework/Resources/${filename}\"\nfi\ndone\n\n\n# Replace other platform's framework with a copy of this one (so that both have the same universal binary)\n\necho \"Copy from $UFW_SDK_PLATFORM to $UFW_OTHER_PLATFORM\"\n\necho rm -rf \"${BUILD_DIR}/${CONFIGURATION}-${UFW_OTHER_PLATFORM}\"\nrm -rf \"${BUILD_DIR}/${CONFIGURATION}-${UFW_OTHER_PLATFORM}\"\necho cp -a \"${BUILD_DIR}/${CONFIGURATION}-${UFW_SDK_PLATFORM}\" \"${BUILD_DIR}/${CONFIGURATION}-${UFW_OTHER_PLATFORM}\"\ncp -a \"${BUILD_DIR}/${CONFIGURATION}-${UFW_SDK_PLATFORM}\" \"${BUILD_DIR}/${CONFIGURATION}-${UFW_OTHER_PLATFORM}\"\n";
		};
/* End PBXShellScriptBuildPhase section */

/* Begin PBXSourcesBuildPhase section */
		18F78D53154528C6008467F4 /* Sources */ = {
			isa = PBXSourcesBuildPhase;
			buildActionMask = 2147483647;
			files = (
				18F78D68154528C6008467F4 /* main.m in Sources */,
				18F78D6C154528C6008467F4 /* SNAppDelegate.m in Sources */,
				18F78D6F154528C6008467F4 /* SNViewController.m in Sources */,
				BA59D09916818B1700C76B64 /* SinaWeibo.m in Sources */,
				BA59D09A16818B1700C76B64 /* SinaWeiboAuthorizeView.m in Sources */,
				BA59D09B16818B1700C76B64 /* SinaWeiboRequest.m in Sources */,
				D03A202116C266D400CF35C2 /* JSONKit.m in Sources */,
			);
			runOnlyForDeploymentPostprocessing = 0;
		};
		D003A003174FB87A005E2BA5 /* Sources */ = {
			isa = PBXSourcesBuildPhase;
			buildActionMask = 2147483647;
			files = (
				D003A01B174FBA0E005E2BA5 /* JSONKit.m in Sources */,
				D003A01C174FBA0F005E2BA5 /* SinaWeibo.m in Sources */,
				D003A01D174FBA0F005E2BA5 /* SinaWeiboAuthorizeView.m in Sources */,
				D003A01E174FBA0F005E2BA5 /* SinaWeiboRequest.m in Sources */,
			);
			runOnlyForDeploymentPostprocessing = 0;
		};
		D00DCDE516C23F0E00F6BBE5 /* Sources */ = {
			isa = PBXSourcesBuildPhase;
			buildActionMask = 2147483647;
			files = (
				D03A202216C2672500CF35C2 /* JSONKit.m in Sources */,
				D00DCDF816C23F4C00F6BBE5 /* SinaWeibo.m in Sources */,
				D00DCDFA16C23F4C00F6BBE5 /* SinaWeiboAuthorizeView.m in Sources */,
				D00DCDFD16C23F4C00F6BBE5 /* SinaWeiboRequest.m in Sources */,
			);
			runOnlyForDeploymentPostprocessing = 0;
		};
/* End PBXSourcesBuildPhase section */

/* Begin PBXVariantGroup section */
		18F78D64154528C6008467F4 /* InfoPlist.strings */ = {
			isa = PBXVariantGroup;
			children = (
				18F78D65154528C6008467F4 /* en */,
			);
			name = InfoPlist.strings;
			sourceTree = "<group>";
		};
/* End PBXVariantGroup section */

/* Begin XCBuildConfiguration section */
		18F78D73154528C6008467F4 /* Debug */ = {
			isa = XCBuildConfiguration;
			buildSettings = {
				ALWAYS_SEARCH_USER_PATHS = NO;
				ARCHS = "$(ARCHS_STANDARD_32_BIT)";
				CLANG_WARN_CONSTANT_CONVERSION = YES;
				CLANG_WARN_ENUM_CONVERSION = YES;
				CLANG_WARN_INT_CONVERSION = YES;
				CLANG_WARN__DUPLICATE_METHOD_MATCH = YES;
				"CODE_SIGN_IDENTITY[sdk=iphoneos*]" = "iPhone Developer";
				COPY_PHASE_STRIP = NO;
				GCC_C_LANGUAGE_STANDARD = gnu99;
				GCC_DYNAMIC_NO_PIC = NO;
				GCC_OPTIMIZATION_LEVEL = 0;
				GCC_PREPROCESSOR_DEFINITIONS = (
					"DEBUG=1",
					"$(inherited)",
				);
				GCC_SYMBOLS_PRIVATE_EXTERN = NO;
				GCC_VERSION = com.apple.compilers.llvm.clang.1_0;
				GCC_WARN_ABOUT_RETURN_TYPE = YES;
				GCC_WARN_UNINITIALIZED_AUTOS = YES;
				GCC_WARN_UNUSED_VARIABLE = YES;
				IPHONEOS_DEPLOYMENT_TARGET = 5.1;
				SDKROOT = iphoneos;
			};
			name = Debug;
		};
		18F78D74154528C6008467F4 /* Release */ = {
			isa = XCBuildConfiguration;
			buildSettings = {
				ALWAYS_SEARCH_USER_PATHS = NO;
				ARCHS = "$(ARCHS_STANDARD_32_BIT)";
				CLANG_WARN_CONSTANT_CONVERSION = YES;
				CLANG_WARN_ENUM_CONVERSION = YES;
				CLANG_WARN_INT_CONVERSION = YES;
				CLANG_WARN__DUPLICATE_METHOD_MATCH = YES;
				"CODE_SIGN_IDENTITY[sdk=iphoneos*]" = "iPhone Developer";
				COPY_PHASE_STRIP = YES;
				GCC_C_LANGUAGE_STANDARD = gnu99;
				GCC_VERSION = com.apple.compilers.llvm.clang.1_0;
				GCC_WARN_ABOUT_RETURN_TYPE = YES;
				GCC_WARN_UNINITIALIZED_AUTOS = YES;
				GCC_WARN_UNUSED_VARIABLE = YES;
				IPHONEOS_DEPLOYMENT_TARGET = 5.1;
				OTHER_CFLAGS = "-DNS_BLOCK_ASSERTIONS=1";
				SDKROOT = iphoneos;
				VALIDATE_PRODUCT = YES;
			};
			name = Release;
		};
		18F78D76154528C6008467F4 /* Debug */ = {
			isa = XCBuildConfiguration;
			buildSettings = {
				CLANG_ENABLE_OBJC_ARC = YES;
				CODE_SIGN_IDENTITY = "iPhone Developer";
				GCC_PRECOMPILE_PREFIX_HEADER = YES;
				GCC_PREFIX_HEADER = "sinaweibo_ios_sdk_demo/sinaweibo_ios_sdk_demo-Prefix.pch";
				INFOPLIST_FILE = "sinaweibo_ios_sdk_demo/sinaweibo_ios_sdk_demo-Info.plist";
				IPHONEOS_DEPLOYMENT_TARGET = 5.0;
				LIBRARY_SEARCH_PATHS = (
					"$(inherited)",
					"\"$(SRCROOT)/sinaweibo_ios_sdk\"",
					"\"$(SRCROOT)/sinaweibo_ios_sdk/JSONKit\"",
				);
				PRODUCT_NAME = "$(TARGET_NAME)";
				PROVISIONING_PROFILE = "";
				TARGETED_DEVICE_FAMILY = 1;
				WRAPPER_EXTENSION = app;
			};
			name = Debug;
		};
		18F78D77154528C6008467F4 /* Release */ = {
			isa = XCBuildConfiguration;
			buildSettings = {
				CLANG_ENABLE_OBJC_ARC = YES;
				GCC_PRECOMPILE_PREFIX_HEADER = YES;
				GCC_PREFIX_HEADER = "sinaweibo_ios_sdk_demo/sinaweibo_ios_sdk_demo-Prefix.pch";
				INFOPLIST_FILE = "sinaweibo_ios_sdk_demo/sinaweibo_ios_sdk_demo-Info.plist";
				IPHONEOS_DEPLOYMENT_TARGET = 5.0;
				LIBRARY_SEARCH_PATHS = (
					"$(inherited)",
					"\"$(SRCROOT)/sinaweibo_ios_sdk\"",
					"\"$(SRCROOT)/sinaweibo_ios_sdk/JSONKit\"",
				);
				PRODUCT_NAME = "$(TARGET_NAME)";
				TARGETED_DEVICE_FAMILY = 1;
				WRAPPER_EXTENSION = app;
			};
			name = Release;
		};
		D003A016174FB87A005E2BA5 /* Debug */ = {
			isa = XCBuildConfiguration;
			buildSettings = {
				ARCHS = "$(ARCHS_STANDARD_32_BIT)";
				CLANG_CXX_LANGUAGE_STANDARD = "gnu++0x";
				CLANG_CXX_LIBRARY = "libc++";
				CLANG_ENABLE_OBJC_ARC = YES;
				CLANG_WARN_EMPTY_BODY = YES;
				CONTENTS_FOLDER_PATH = "$(WRAPPER_NAME)/Versions/$(FRAMEWORK_VERSION)";
				COPY_PHASE_STRIP = NO;
				DEAD_CODE_STRIPPING = NO;
				FRAMEWORK_SEARCH_PATHS = (
					"$(inherited)",
					"\"$(SYSTEM_APPS_DIR)/Xcode.app/Contents/Developer/Library/Frameworks\"",
				);
				GCC_ENABLE_OBJC_EXCEPTIONS = YES;
				GCC_PRECOMPILE_PREFIX_HEADER = YES;
				GCC_PREFIX_HEADER = "sinaweibo_ios_sdk_demo/sinaweibo_ios_sdk_demo-Prefix.pch";
				GCC_THUMB_SUPPORT = NO;
				GCC_WARN_64_TO_32_BIT_CONVERSION = YES;
				INFOPLIST_FILE = "sinaweibo_ios_sdk_demo/sinaweibo_ios_sdk_demo-Info.plist";
				INFOPLIST_PATH = "$(UNLOCALIZED_RESOURCES_FOLDER_PATH)/Info.plist";
				LINK_WITH_STANDARD_LIBRARIES = NO;
				MACH_O_TYPE = mh_object;
				MACOSX_DEPLOYMENT_TARGET = "";
				ONLY_ACTIVE_ARCH = NO;
				PRODUCT_NAME = SinaWeiboSDK;
				SDKROOT = iphoneos;
				SKIP_INSTALL = YES;
				UNLOCALIZED_RESOURCES_FOLDER_PATH = "$(CONTENTS_FOLDER_PATH)/Resources";
				WRAPPER_EXTENSION = framework;
			};
			name = Debug;
		};
		D003A017174FB87A005E2BA5 /* Release */ = {
			isa = XCBuildConfiguration;
			buildSettings = {
				ARCHS = "$(ARCHS_STANDARD_32_BIT)";
				CLANG_CXX_LANGUAGE_STANDARD = "gnu++0x";
				CLANG_CXX_LIBRARY = "libc++";
				CLANG_ENABLE_OBJC_ARC = YES;
				CLANG_WARN_EMPTY_BODY = YES;
				CONTENTS_FOLDER_PATH = "$(WRAPPER_NAME)/Versions/$(FRAMEWORK_VERSION)";
				COPY_PHASE_STRIP = NO;
				DEAD_CODE_STRIPPING = NO;
				DEBUG_INFORMATION_FORMAT = "dwarf-with-dsym";
				FRAMEWORK_SEARCH_PATHS = (
					"$(inherited)",
					"\"$(SYSTEM_APPS_DIR)/Xcode.app/Contents/Developer/Library/Frameworks\"",
				);
				GCC_ENABLE_OBJC_EXCEPTIONS = YES;
				GCC_PRECOMPILE_PREFIX_HEADER = YES;
				GCC_PREFIX_HEADER = "sinaweibo_ios_sdk_demo/sinaweibo_ios_sdk_demo-Prefix.pch";
				GCC_THUMB_SUPPORT = NO;
				GCC_WARN_64_TO_32_BIT_CONVERSION = YES;
				INFOPLIST_FILE = "sinaweibo_ios_sdk_demo/sinaweibo_ios_sdk_demo-Info.plist";
				INFOPLIST_PATH = "$(UNLOCALIZED_RESOURCES_FOLDER_PATH)/Info.plist";
				LINK_WITH_STANDARD_LIBRARIES = NO;
				MACH_O_TYPE = mh_object;
				MACOSX_DEPLOYMENT_TARGET = "";
				ONLY_ACTIVE_ARCH = NO;
				PRODUCT_NAME = SinaWeiboSDK;
				SDKROOT = iphoneos;
				SKIP_INSTALL = YES;
				UNLOCALIZED_RESOURCES_FOLDER_PATH = "$(CONTENTS_FOLDER_PATH)/Resources";
				WRAPPER_EXTENSION = framework;
			};
			name = Release;
		};
		D00DCDF316C23F0E00F6BBE5 /* Debug */ = {
			isa = XCBuildConfiguration;
			buildSettings = {
				ARCHS = "$(ARCHS_STANDARD_32_BIT)";
				CLANG_CXX_LANGUAGE_STANDARD = "gnu++0x";
				CLANG_CXX_LIBRARY = "libc++";
				CLANG_ENABLE_OBJC_ARC = YES;
				CLANG_WARN_CONSTANT_CONVERSION = YES;
				CLANG_WARN_EMPTY_BODY = YES;
				CLANG_WARN_ENUM_CONVERSION = YES;
				CLANG_WARN_INT_CONVERSION = YES;
				CLANG_WARN__DUPLICATE_METHOD_MATCH = YES;
				DSTROOT = /tmp/LibSinaWeibo.dst;
				GCC_PRECOMPILE_PREFIX_HEADER = YES;
				GCC_PREFIX_HEADER = "LibSinaWeibo/LibSinaWeibo-Prefix.pch";
				IPHONEOS_DEPLOYMENT_TARGET = 5.0;
				LIBRARY_SEARCH_PATHS = (
					"$(inherited)",
					"\"$(SRCROOT)/sinaweibo_ios_sdk/JSONKit\"",
				);
				ONLY_ACTIVE_ARCH = YES;
				OTHER_LDFLAGS = "-ObjC";
				PRODUCT_NAME = SinaWeiboSDK;
				SKIP_INSTALL = YES;
				VALID_ARCHS = "armv7s armv7";
			};
			name = Debug;
		};
		D00DCDF416C23F0E00F6BBE5 /* Release */ = {
			isa = XCBuildConfiguration;
			buildSettings = {
				ARCHS = "$(ARCHS_STANDARD_32_BIT)";
				CLANG_CXX_LANGUAGE_STANDARD = "gnu++0x";
				CLANG_CXX_LIBRARY = "libc++";
				CLANG_ENABLE_OBJC_ARC = YES;
				CLANG_WARN_CONSTANT_CONVERSION = YES;
				CLANG_WARN_EMPTY_BODY = YES;
				CLANG_WARN_ENUM_CONVERSION = YES;
				CLANG_WARN_INT_CONVERSION = YES;
				CLANG_WARN__DUPLICATE_METHOD_MATCH = YES;
				DSTROOT = /tmp/LibSinaWeibo.dst;
				GCC_PRECOMPILE_PREFIX_HEADER = YES;
				GCC_PREFIX_HEADER = "LibSinaWeibo/LibSinaWeibo-Prefix.pch";
				IPHONEOS_DEPLOYMENT_TARGET = 5.0;
				LIBRARY_SEARCH_PATHS = (
					"$(inherited)",
					"\"$(SRCROOT)/sinaweibo_ios_sdk/JSONKit\"",
				);
				ONLY_ACTIVE_ARCH = YES;
				OTHER_LDFLAGS = "-ObjC";
				PRODUCT_NAME = SinaWeiboSDK;
				SKIP_INSTALL = YES;
				VALID_ARCHS = "armv7s armv7";
			};
			name = Release;
		};
/* End XCBuildConfiguration section */

/* Begin XCConfigurationList section */
		18F78D51154528C6008467F4 /* Build configuration list for PBXProject "sinaweibo_ios_sdk_demo" */ = {
			isa = XCConfigurationList;
			buildConfigurations = (
				18F78D73154528C6008467F4 /* Debug */,
				18F78D74154528C6008467F4 /* Release */,
			);
			defaultConfigurationIsVisible = 0;
			defaultConfigurationName = Release;
		};
		18F78D75154528C6008467F4 /* Build configuration list for PBXNativeTarget "sinaweibo_ios_sdk_demo" */ = {
			isa = XCConfigurationList;
			buildConfigurations = (
				18F78D76154528C6008467F4 /* Debug */,
				18F78D77154528C6008467F4 /* Release */,
			);
			defaultConfigurationIsVisible = 0;
			defaultConfigurationName = Release;
		};
		D003A015174FB87A005E2BA5 /* Build configuration list for PBXNativeTarget "Universal Framework" */ = {
			isa = XCConfigurationList;
			buildConfigurations = (
				D003A016174FB87A005E2BA5 /* Debug */,
				D003A017174FB87A005E2BA5 /* Release */,
			);
			defaultConfigurationIsVisible = 0;
			defaultConfigurationName = Release;
		};
		D00DCDF216C23F0E00F6BBE5 /* Build configuration list for PBXNativeTarget "Static Library" */ = {
			isa = XCConfigurationList;
			buildConfigurations = (
				D00DCDF316C23F0E00F6BBE5 /* Debug */,
				D00DCDF416C23F0E00F6BBE5 /* Release */,
			);
			defaultConfigurationIsVisible = 0;
			defaultConfigurationName = Release;
		};
/* End XCConfigurationList section */
	};
	rootObject = 18F78D4E154528C6008467F4 /* Project object */;
}
